// !$*UTF8*$!
{
	archiveVersion = 1;
	classes = {
	};
	objectVersion = 55;
	objects = {

/* Begin PBXBuildFile section */
		250CBFBF283DCA4600D30A51 /* Assets.xcassets in Resources */ = {isa = PBXBuildFile; fileRef = 250CBFBB283DCA4600D30A51 /* Assets.xcassets */; };
		250CBFC0283DCA4600D30A51 /* MainMenu.xib in Resources */ = {isa = PBXBuildFile; fileRef = 250CBFBD283DCA4600D30A51 /* MainMenu.xib */; };
		250CC0CF283F3C0100D30A51 /* main.m in Sources */ = {isa = PBXBuildFile; fileRef = 250CC09E283F3C0100D30A51 /* main.m */; };
		250CC0D0283F3C0100D30A51 /* AppDelegate.mm in Sources */ = {isa = PBXBuildFile; fileRef = 250CC09F283F3C0100D30A51 /* AppDelegate.mm */; };
		250CC0D1283F3C0100D30A51 /* LICENSE in Resources */ = {isa = PBXBuildFile; fileRef = 250CC0C1283F3C0100D30A51 /* LICENSE */; };
		250CC0D2283F3C0200D30A51 /* libdawn_native.dylib in Frameworks */ = {isa = PBXBuildFile; fileRef = 250CC0C5283F3C0100D30A51 /* libdawn_native.dylib */; };
		250CC0D3283F3C0200D30A51 /* libdawn_proc.dylib in Frameworks */ = {isa = PBXBuildFile; fileRef = 250CC0C6283F3C0100D30A51 /* libdawn_proc.dylib */; };
		250CC0D4283F3C0200D30A51 /* libdawn_platform.dylib in Frameworks */ = {isa = PBXBuildFile; fileRef = 250CC0C7283F3C0100D30A51 /* libdawn_platform.dylib */; };
		250CC0D5283F3C0200D30A51 /* libdawn_native.dylib in Frameworks */ = {isa = PBXBuildFile; fileRef = 250CC0C9283F3C0100D30A51 /* libdawn_native.dylib */; };
		250CC0D6283F3C0200D30A51 /* libdawn_proc.dylib in Frameworks */ = {isa = PBXBuildFile; fileRef = 250CC0CA283F3C0100D30A51 /* libdawn_proc.dylib */; };
		250CC0D7283F3C0200D30A51 /* libdawn_platform.dylib in Frameworks */ = {isa = PBXBuildFile; fileRef = 250CC0CB283F3C0100D30A51 /* libdawn_platform.dylib */; };
		250CC11B2840702700D30A51 /* MacDawnGfxDevice.mm in Sources */ = {isa = PBXBuildFile; fileRef = 250CC1192840702700D30A51 /* MacDawnGfxDevice.mm */; };
		250CC11D284070AD00D30A51 /* GfxDeivce.cpp in Sources */ = {isa = PBXBuildFile; fileRef = 250CC11C284070AD00D30A51 /* GfxDeivce.cpp */; };
		250CC1202840BC3700D30A51 /* MetalDawnSwapChain.mm in Sources */ = {isa = PBXBuildFile; fileRef = 250CC11E2840BC3700D30A51 /* MetalDawnSwapChain.mm */; };
/* End PBXBuildFile section */

/* Begin PBXFileReference section */
		250CBFA7283CECFA00D30A51 /* WebGPURenderGraph.app */ = {isa = PBXFileReference; explicitFileType = wrapper.application; includeInIndex = 0; path = WebGPURenderGraph.app; sourceTree = BUILT_PRODUCTS_DIR; };
		250CBFBB283DCA4600D30A51 /* Assets.xcassets */ = {isa = PBXFileReference; lastKnownFileType = folder.assetcatalog; path = Assets.xcassets; sourceTree = "<group>"; };
		250CBFBC283DCA4600D30A51 /* WebGPURenderGraph.entitlements */ = {isa = PBXFileReference; fileEncoding = 4; lastKnownFileType = text.plist.entitlements; path = WebGPURenderGraph.entitlements; sourceTree = "<group>"; };
		250CBFBE283DCA4600D30A51 /* Base */ = {isa = PBXFileReference; lastKnownFileType = file.xib; name = Base; path = Base.lproj/MainMenu.xib; sourceTree = "<group>"; };
		250CC09A283F3C0100D30A51 /* AppDelegate.h */ = {isa = PBXFileReference; fileEncoding = 4; lastKnownFileType = sourcecode.c.h; path = AppDelegate.h; sourceTree = "<group>"; };
		250CC09E283F3C0100D30A51 /* main.m */ = {isa = PBXFileReference; fileEncoding = 4; lastKnownFileType = sourcecode.c.objc; path = main.m; sourceTree = "<group>"; };
		250CC09F283F3C0100D30A51 /* AppDelegate.mm */ = {isa = PBXFileReference; fileEncoding = 4; lastKnownFileType = sourcecode.cpp.objcpp; path = AppDelegate.mm; sourceTree = "<group>"; };
		250CC0A4283F3C0100D30A51 /* tint.h */ = {isa = PBXFileReference; fileEncoding = 4; lastKnownFileType = sourcecode.c.h; path = tint.h; sourceTree = "<group>"; };
		250CC0A6283F3C0100D30A51 /* webgpu_cpp.h */ = {isa = PBXFileReference; fileEncoding = 4; lastKnownFileType = sourcecode.c.h; path = webgpu_cpp.h; sourceTree = "<group>"; };
		250CC0A7283F3C0100D30A51 /* webgpu.h */ = {isa = PBXFileReference; fileEncoding = 4; lastKnownFileType = sourcecode.c.h; path = webgpu.h; sourceTree = "<group>"; };
		250CC0AA283F3C0100D30A51 /* Wire.h */ = {isa = PBXFileReference; fileEncoding = 4; lastKnownFileType = sourcecode.c.h; path = Wire.h; sourceTree = "<group>"; };
		250CC0AB283F3C0100D30A51 /* WireServer.h */ = {isa = PBXFileReference; fileEncoding = 4; lastKnownFileType = sourcecode.c.h; path = WireServer.h; sourceTree = "<group>"; };
		250CC0AC283F3C0100D30A51 /* dawn_wire_export.h */ = {isa = PBXFileReference; fileEncoding = 4; lastKnownFileType = sourcecode.c.h; path = dawn_wire_export.h; sourceTree = "<group>"; };
		250CC0AD283F3C0100D30A51 /* WireClient.h */ = {isa = PBXFileReference; fileEncoding = 4; lastKnownFileType = sourcecode.c.h; path = WireClient.h; sourceTree = "<group>"; };
		250CC0AF283F3C0100D30A51 /* VulkanBackend.h */ = {isa = PBXFileReference; fileEncoding = 4; lastKnownFileType = sourcecode.c.h; path = VulkanBackend.h; sourceTree = "<group>"; };
		250CC0B0283F3C0100D30A51 /* NullBackend.h */ = {isa = PBXFileReference; fileEncoding = 4; lastKnownFileType = sourcecode.c.h; path = NullBackend.h; sourceTree = "<group>"; };
		250CC0B1283F3C0100D30A51 /* dawn_native_export.h */ = {isa = PBXFileReference; fileEncoding = 4; lastKnownFileType = sourcecode.c.h; path = dawn_native_export.h; sourceTree = "<group>"; };
		250CC0B2283F3C0100D30A51 /* D3D12Backend.h */ = {isa = PBXFileReference; fileEncoding = 4; lastKnownFileType = sourcecode.c.h; path = D3D12Backend.h; sourceTree = "<group>"; };
		250CC0B3283F3C0100D30A51 /* MetalBackend.h */ = {isa = PBXFileReference; fileEncoding = 4; lastKnownFileType = sourcecode.c.h; path = MetalBackend.h; sourceTree = "<group>"; };
		250CC0B4283F3C0100D30A51 /* DawnNative.h */ = {isa = PBXFileReference; fileEncoding = 4; lastKnownFileType = sourcecode.c.h; path = DawnNative.h; sourceTree = "<group>"; };
		250CC0B5283F3C0100D30A51 /* OpenGLBackend.h */ = {isa = PBXFileReference; fileEncoding = 4; lastKnownFileType = sourcecode.c.h; path = OpenGLBackend.h; sourceTree = "<group>"; };
		250CC0B6283F3C0100D30A51 /* webgpu_cpp.h */ = {isa = PBXFileReference; fileEncoding = 4; lastKnownFileType = sourcecode.c.h; path = webgpu_cpp.h; sourceTree = "<group>"; };
		250CC0B7283F3C0100D30A51 /* dawn_wsi.h */ = {isa = PBXFileReference; fileEncoding = 4; lastKnownFileType = sourcecode.c.h; path = dawn_wsi.h; sourceTree = "<group>"; };
		250CC0B9283F3C0100D30A51 /* dawn_platform_export.h */ = {isa = PBXFileReference; fileEncoding = 4; lastKnownFileType = sourcecode.c.h; path = dawn_platform_export.h; sourceTree = "<group>"; };
		250CC0BA283F3C0100D30A51 /* DawnPlatform.h */ = {isa = PBXFileReference; fileEncoding = 4; lastKnownFileType = sourcecode.c.h; path = DawnPlatform.h; sourceTree = "<group>"; };
		250CC0BB283F3C0100D30A51 /* dawn_thread_dispatch_proc.h */ = {isa = PBXFileReference; fileEncoding = 4; lastKnownFileType = sourcecode.c.h; path = dawn_thread_dispatch_proc.h; sourceTree = "<group>"; };
		250CC0BC283F3C0100D30A51 /* dawn_proc_table.h */ = {isa = PBXFileReference; fileEncoding = 4; lastKnownFileType = sourcecode.c.h; path = dawn_proc_table.h; sourceTree = "<group>"; };
		250CC0BD283F3C0100D30A51 /* dawn_proc.h */ = {isa = PBXFileReference; fileEncoding = 4; lastKnownFileType = sourcecode.c.h; path = dawn_proc.h; sourceTree = "<group>"; };
		250CC0BE283F3C0100D30A51 /* webgpu_cpp_print.h */ = {isa = PBXFileReference; fileEncoding = 4; lastKnownFileType = sourcecode.c.h; path = webgpu_cpp_print.h; sourceTree = "<group>"; };
		250CC0BF283F3C0100D30A51 /* EnumClassBitmasks.h */ = {isa = PBXFileReference; fileEncoding = 4; lastKnownFileType = sourcecode.c.h; path = EnumClassBitmasks.h; sourceTree = "<group>"; };
		250CC0C0283F3C0100D30A51 /* webgpu.h */ = {isa = PBXFileReference; fileEncoding = 4; lastKnownFileType = sourcecode.c.h; path = webgpu.h; sourceTree = "<group>"; };
		250CC0C1283F3C0100D30A51 /* LICENSE */ = {isa = PBXFileReference; fileEncoding = 4; lastKnownFileType = text; path = LICENSE; sourceTree = "<group>"; };
		250CC0C5283F3C0100D30A51 /* libdawn_native.dylib */ = {isa = PBXFileReference; lastKnownFileType = "compiled.mach-o.dylib"; path = libdawn_native.dylib; sourceTree = "<group>"; };
		250CC0C6283F3C0100D30A51 /* libdawn_proc.dylib */ = {isa = PBXFileReference; lastKnownFileType = "compiled.mach-o.dylib"; path = libdawn_proc.dylib; sourceTree = "<group>"; };
		250CC0C7283F3C0100D30A51 /* libdawn_platform.dylib */ = {isa = PBXFileReference; lastKnownFileType = "compiled.mach-o.dylib"; path = libdawn_platform.dylib; sourceTree = "<group>"; };
		250CC0C9283F3C0100D30A51 /* libdawn_native.dylib */ = {isa = PBXFileReference; lastKnownFileType = "compiled.mach-o.dylib"; path = libdawn_native.dylib; sourceTree = "<group>"; };
		250CC0CA283F3C0100D30A51 /* libdawn_proc.dylib */ = {isa = PBXFileReference; lastKnownFileType = "compiled.mach-o.dylib"; path = libdawn_proc.dylib; sourceTree = "<group>"; };
		250CC0CB283F3C0100D30A51 /* libdawn_platform.dylib */ = {isa = PBXFileReference; lastKnownFileType = "compiled.mach-o.dylib"; path = libdawn_platform.dylib; sourceTree = "<group>"; };
		250CC0E228406CFD00D30A51 /* GfxDevice.h */ = {isa = PBXFileReference; fileEncoding = 4; lastKnownFileType = sourcecode.c.h; path = GfxDevice.h; sourceTree = "<group>"; };
		250CC1192840702700D30A51 /* MacDawnGfxDevice.mm */ = {isa = PBXFileReference; lastKnownFileType = sourcecode.cpp.objcpp; path = MacDawnGfxDevice.mm; sourceTree = "<group>"; };
		250CC11A2840702700D30A51 /* MacDawnGfxDevice.h */ = {isa = PBXFileReference; lastKnownFileType = sourcecode.c.h; path = MacDawnGfxDevice.h; sourceTree = "<group>"; };
		250CC11C284070AD00D30A51 /* GfxDeivce.cpp */ = {isa = PBXFileReference; fileEncoding = 4; lastKnownFileType = sourcecode.cpp.cpp; path = GfxDeivce.cpp; sourceTree = "<group>"; };
		250CC11E2840BC3700D30A51 /* MetalDawnSwapChain.mm */ = {isa = PBXFileReference; lastKnownFileType = sourcecode.cpp.objcpp; path = MetalDawnSwapChain.mm; sourceTree = "<group>"; };
		250CC11F2840BC3700D30A51 /* MetalDawnSwapChain.h */ = {isa = PBXFileReference; lastKnownFileType = sourcecode.c.h; path = MetalDawnSwapChain.h; sourceTree = "<group>"; };
/* End PBXFileReference section */

/* Begin PBXFrameworksBuildPhase section */
		250CBFA4283CECFA00D30A51 /* Frameworks */ = {
			isa = PBXFrameworksBuildPhase;
			buildActionMask = 2147483647;
			files = (
				250CC0D6283F3C0200D30A51 /* libdawn_proc.dylib in Frameworks */,
				250CC0D4283F3C0200D30A51 /* libdawn_platform.dylib in Frameworks */,
				250CC0D5283F3C0200D30A51 /* libdawn_native.dylib in Frameworks */,
				250CC0D7283F3C0200D30A51 /* libdawn_platform.dylib in Frameworks */,
				250CC0D3283F3C0200D30A51 /* libdawn_proc.dylib in Frameworks */,
				250CC0D2283F3C0200D30A51 /* libdawn_native.dylib in Frameworks */,
			);
			runOnlyForDeploymentPostprocessing = 0;
		};
/* End PBXFrameworksBuildPhase section */

/* Begin PBXGroup section */
		250CBF9E283CECFA00D30A51 = {
			isa = PBXGroup;
			children = (
				250CC0E128406CFD00D30A51 /* RenderGraph */,
				250CC099283F3C0100D30A51 /* MacOS */,
				250CBFBA283DCA4600D30A51 /* Resources */,
				250CBFA8283CECFA00D30A51 /* Products */,
			);
			sourceTree = "<group>";
		};
		250CBFA8283CECFA00D30A51 /* Products */ = {
			isa = PBXGroup;
			children = (
				250CBFA7283CECFA00D30A51 /* WebGPURenderGraph.app */,
			);
			name = Products;
			sourceTree = "<group>";
		};
		250CBFBA283DCA4600D30A51 /* Resources */ = {
			isa = PBXGroup;
			children = (
				250CBFBB283DCA4600D30A51 /* Assets.xcassets */,
				250CBFBC283DCA4600D30A51 /* WebGPURenderGraph.entitlements */,
				250CBFBD283DCA4600D30A51 /* MainMenu.xib */,
			);
			path = Resources;
			sourceTree = "<group>";
		};
		250CC099283F3C0100D30A51 /* MacOS */ = {
			isa = PBXGroup;
			children = (
				250CC09A283F3C0100D30A51 /* AppDelegate.h */,
				250CC09E283F3C0100D30A51 /* main.m */,
				250CC09F283F3C0100D30A51 /* AppDelegate.mm */,
				250CC0A0283F3C0100D30A51 /* lib */,
				250CC1192840702700D30A51 /* MacDawnGfxDevice.mm */,
				250CC11A2840702700D30A51 /* MacDawnGfxDevice.h */,
				250CC11E2840BC3700D30A51 /* MetalDawnSwapChain.mm */,
				250CC11F2840BC3700D30A51 /* MetalDawnSwapChain.h */,
			);
			name = MacOS;
			path = ../Source/Platform/MacOS;
			sourceTree = "<group>";
		};
		250CC0A0283F3C0100D30A51 /* lib */ = {
			isa = PBXGroup;
			children = (
				250CC0A1283F3C0100D30A51 /* dawn */,
			);
			path = lib;
			sourceTree = "<group>";
		};
		250CC0A1283F3C0100D30A51 /* dawn */ = {
			isa = PBXGroup;
			children = (
				250CC0A2283F3C0100D30A51 /* inc */,
				250CC0C1283F3C0100D30A51 /* LICENSE */,
				250CC0C2283F3C0100D30A51 /* bin */,
			);
			path = dawn;
			sourceTree = "<group>";
		};
		250CC0A2283F3C0100D30A51 /* inc */ = {
			isa = PBXGroup;
			children = (
				250CC0A3283F3C0100D30A51 /* tint */,
				250CC0A5283F3C0100D30A51 /* webgpu */,
				250CC0A8283F3C0100D30A51 /* dawn */,
			);
			path = inc;
			sourceTree = "<group>";
		};
		250CC0A3283F3C0100D30A51 /* tint */ = {
			isa = PBXGroup;
			children = (
				250CC0A4283F3C0100D30A51 /* tint.h */,
			);
			path = tint;
			sourceTree = "<group>";
		};
		250CC0A5283F3C0100D30A51 /* webgpu */ = {
			isa = PBXGroup;
			children = (
				250CC0A6283F3C0100D30A51 /* webgpu_cpp.h */,
				250CC0A7283F3C0100D30A51 /* webgpu.h */,
			);
			path = webgpu;
			sourceTree = "<group>";
		};
		250CC0A8283F3C0100D30A51 /* dawn */ = {
			isa = PBXGroup;
			children = (
				250CC0A9283F3C0100D30A51 /* wire */,
				250CC0AE283F3C0100D30A51 /* native */,
				250CC0B6283F3C0100D30A51 /* webgpu_cpp.h */,
				250CC0B7283F3C0100D30A51 /* dawn_wsi.h */,
				250CC0B8283F3C0100D30A51 /* platform */,
				250CC0BB283F3C0100D30A51 /* dawn_thread_dispatch_proc.h */,
				250CC0BC283F3C0100D30A51 /* dawn_proc_table.h */,
				250CC0BD283F3C0100D30A51 /* dawn_proc.h */,
				250CC0BE283F3C0100D30A51 /* webgpu_cpp_print.h */,
				250CC0BF283F3C0100D30A51 /* EnumClassBitmasks.h */,
				250CC0C0283F3C0100D30A51 /* webgpu.h */,
			);
			path = dawn;
			sourceTree = "<group>";
		};
		250CC0A9283F3C0100D30A51 /* wire */ = {
			isa = PBXGroup;
			children = (
				250CC0AA283F3C0100D30A51 /* Wire.h */,
				250CC0AB283F3C0100D30A51 /* WireServer.h */,
				250CC0AC283F3C0100D30A51 /* dawn_wire_export.h */,
				250CC0AD283F3C0100D30A51 /* WireClient.h */,
			);
			path = wire;
			sourceTree = "<group>";
		};
		250CC0AE283F3C0100D30A51 /* native */ = {
			isa = PBXGroup;
			children = (
				250CC0AF283F3C0100D30A51 /* VulkanBackend.h */,
				250CC0B0283F3C0100D30A51 /* NullBackend.h */,
				250CC0B1283F3C0100D30A51 /* dawn_native_export.h */,
				250CC0B2283F3C0100D30A51 /* D3D12Backend.h */,
				250CC0B3283F3C0100D30A51 /* MetalBackend.h */,
				250CC0B4283F3C0100D30A51 /* DawnNative.h */,
				250CC0B5283F3C0100D30A51 /* OpenGLBackend.h */,
			);
			path = native;
			sourceTree = "<group>";
		};
		250CC0B8283F3C0100D30A51 /* platform */ = {
			isa = PBXGroup;
			children = (
				250CC0B9283F3C0100D30A51 /* dawn_platform_export.h */,
				250CC0BA283F3C0100D30A51 /* DawnPlatform.h */,
			);
			path = platform;
			sourceTree = "<group>";
		};
		250CC0C2283F3C0100D30A51 /* bin */ = {
			isa = PBXGroup;
			children = (
				250CC0C3283F3C0100D30A51 /* mac */,
			);
			path = bin;
			sourceTree = "<group>";
		};
		250CC0C3283F3C0100D30A51 /* mac */ = {
			isa = PBXGroup;
			children = (
				250CC0C4283F3C0100D30A51 /* Release */,
				250CC0C8283F3C0100D30A51 /* Debug */,
			);
			path = mac;
			sourceTree = "<group>";
		};
		250CC0C4283F3C0100D30A51 /* Release */ = {
			isa = PBXGroup;
			children = (
				250CC0C5283F3C0100D30A51 /* libdawn_native.dylib */,
				250CC0C6283F3C0100D30A51 /* libdawn_proc.dylib */,
				250CC0C7283F3C0100D30A51 /* libdawn_platform.dylib */,
			);
			path = Release;
			sourceTree = "<group>";
		};
		250CC0C8283F3C0100D30A51 /* Debug */ = {
			isa = PBXGroup;
			children = (
				250CC0C9283F3C0100D30A51 /* libdawn_native.dylib */,
				250CC0CA283F3C0100D30A51 /* libdawn_proc.dylib */,
				250CC0CB283F3C0100D30A51 /* libdawn_platform.dylib */,
			);
			path = Debug;
			sourceTree = "<group>";
		};
		250CC0E128406CFD00D30A51 /* RenderGraph */ = {
			isa = PBXGroup;
			children = (
				250CC11C284070AD00D30A51 /* GfxDeivce.cpp */,
				250CC0E228406CFD00D30A51 /* GfxDevice.h */,
			);
			name = RenderGraph;
			path = ../Source/RenderGraph;
			sourceTree = "<group>";
		};
/* End PBXGroup section */

/* Begin PBXNativeTarget section */
		250CBFA6283CECFA00D30A51 /* WebGPURenderGraph */ = {
			isa = PBXNativeTarget;
			buildConfigurationList = 250CBFB7283CECFF00D30A51 /* Build configuration list for PBXNativeTarget "WebGPURenderGraph" */;
			buildPhases = (
				250CBFA3283CECFA00D30A51 /* Sources */,
				250CBFA4283CECFA00D30A51 /* Frameworks */,
				250CBFA5283CECFA00D30A51 /* Resources */,
				250CC059283E391300D30A51 /* ShellScript */,
			);
			buildRules = (
			);
			dependencies = (
			);
			name = WebGPURenderGraph;
			productName = WebGPURenderGraph;
			productReference = 250CBFA7283CECFA00D30A51 /* WebGPURenderGraph.app */;
			productType = "com.apple.product-type.application";
		};
/* End PBXNativeTarget section */

/* Begin PBXProject section */
		250CBF9F283CECFA00D30A51 /* Project object */ = {
			isa = PBXProject;
			attributes = {
				BuildIndependentTargetsInParallel = 1;
				LastUpgradeCheck = 1320;
				TargetAttributes = {
					250CBFA6283CECFA00D30A51 = {
						CreatedOnToolsVersion = 13.2.1;
					};
				};
			};
			buildConfigurationList = 250CBFA2283CECFA00D30A51 /* Build configuration list for PBXProject "WebGPURenderGraph" */;
			compatibilityVersion = "Xcode 13.0";
			developmentRegion = en;
			hasScannedForEncodings = 0;
			knownRegions = (
				en,
				Base,
			);
			mainGroup = 250CBF9E283CECFA00D30A51;
			productRefGroup = 250CBFA8283CECFA00D30A51 /* Products */;
			projectDirPath = "";
			projectRoot = "";
			targets = (
				250CBFA6283CECFA00D30A51 /* WebGPURenderGraph */,
			);
		};
/* End PBXProject section */

/* Begin PBXResourcesBuildPhase section */
		250CBFA5283CECFA00D30A51 /* Resources */ = {
			isa = PBXResourcesBuildPhase;
			buildActionMask = 2147483647;
			files = (
				250CC0D1283F3C0100D30A51 /* LICENSE in Resources */,
				250CBFBF283DCA4600D30A51 /* Assets.xcassets in Resources */,
				250CBFC0283DCA4600D30A51 /* MainMenu.xib in Resources */,
			);
			runOnlyForDeploymentPostprocessing = 0;
		};
/* End PBXResourcesBuildPhase section */

/* Begin PBXShellScriptBuildPhase section */
		250CC059283E391300D30A51 /* ShellScript */ = {
			isa = PBXShellScriptBuildPhase;
			buildActionMask = 2147483647;
			files = (
			);
			inputFileListPaths = (
			);
			inputPaths = (
			);
			outputFileListPaths = (
			);
			outputPaths = (
			);
			runOnlyForDeploymentPostprocessing = 0;
			shellPath = /bin/sh;
			shellScript = "mkdir -p  \"$TARGET_BUILD_DIR/$TARGET_NAME.app/Contents/Frameworks\"\ncp -f ../Source/Platform/MacOS/lib/dawn/bin/mac/${CONFIGURATION}/*.dylib \"$TARGET_BUILD_DIR/$TARGET_NAME.app/Contents/Frameworks\"\n";
		};
/* End PBXShellScriptBuildPhase section */

/* Begin PBXSourcesBuildPhase section */
		250CBFA3283CECFA00D30A51 /* Sources */ = {
			isa = PBXSourcesBuildPhase;
			buildActionMask = 2147483647;
			files = (
				250CC0CF283F3C0100D30A51 /* main.m in Sources */,
				250CC0D0283F3C0100D30A51 /* AppDelegate.mm in Sources */,
				250CC11B2840702700D30A51 /* MacDawnGfxDevice.mm in Sources */,
				250CC1202840BC3700D30A51 /* MetalDawnSwapChain.mm in Sources */,
				250CC11D284070AD00D30A51 /* GfxDeivce.cpp in Sources */,
			);
			runOnlyForDeploymentPostprocessing = 0;
		};
/* End PBXSourcesBuildPhase section */

/* Begin PBXVariantGroup section */
		250CBFBD283DCA4600D30A51 /* MainMenu.xib */ = {
			isa = PBXVariantGroup;
			children = (
				250CBFBE283DCA4600D30A51 /* Base */,
			);
			name = MainMenu.xib;
			sourceTree = "<group>";
		};
/* End PBXVariantGroup section */

/* Begin XCBuildConfiguration section */
		250CBFB5283CECFF00D30A51 /* Debug */ = {
			isa = XCBuildConfiguration;
			buildSettings = {
				ALWAYS_SEARCH_USER_PATHS = NO;
				CLANG_ANALYZER_NONNULL = YES;
				CLANG_ANALYZER_NUMBER_OBJECT_CONVERSION = YES_AGGRESSIVE;
				CLANG_CXX_LANGUAGE_STANDARD = "gnu++17";
				CLANG_CXX_LIBRARY = "libc++";
				CLANG_ENABLE_MODULES = YES;
				CLANG_ENABLE_OBJC_ARC = YES;
				CLANG_ENABLE_OBJC_WEAK = YES;
				CLANG_WARN_BLOCK_CAPTURE_AUTORELEASING = YES;
				CLANG_WARN_BOOL_CONVERSION = YES;
				CLANG_WARN_COMMA = YES;
				CLANG_WARN_CONSTANT_CONVERSION = YES;
				CLANG_WARN_DEPRECATED_OBJC_IMPLEMENTATIONS = YES;
				CLANG_WARN_DIRECT_OBJC_ISA_USAGE = YES_ERROR;
				CLANG_WARN_DOCUMENTATION_COMMENTS = YES;
				CLANG_WARN_EMPTY_BODY = YES;
				CLANG_WARN_ENUM_CONVERSION = YES;
				CLANG_WARN_INFINITE_RECURSION = YES;
				CLANG_WARN_INT_CONVERSION = YES;
				CLANG_WARN_NON_LITERAL_NULL_CONVERSION = YES;
				CLANG_WARN_OBJC_IMPLICIT_RETAIN_SELF = YES;
				CLANG_WARN_OBJC_LITERAL_CONVERSION = YES;
				CLANG_WARN_OBJC_ROOT_CLASS = YES_ERROR;
				CLANG_WARN_QUOTED_INCLUDE_IN_FRAMEWORK_HEADER = YES;
				CLANG_WARN_RANGE_LOOP_ANALYSIS = YES;
				CLANG_WARN_STRICT_PROTOTYPES = YES;
				CLANG_WARN_SUSPICIOUS_MOVE = YES;
				CLANG_WARN_UNGUARDED_AVAILABILITY = YES_AGGRESSIVE;
				CLANG_WARN_UNREACHABLE_CODE = YES;
				CLANG_WARN__DUPLICATE_METHOD_MATCH = YES;
				COPY_PHASE_STRIP = NO;
				DEBUG_INFORMATION_FORMAT = dwarf;
				ENABLE_STRICT_OBJC_MSGSEND = YES;
				ENABLE_TESTABILITY = YES;
				GCC_C_LANGUAGE_STANDARD = gnu11;
				GCC_DYNAMIC_NO_PIC = NO;
				GCC_NO_COMMON_BLOCKS = YES;
				GCC_OPTIMIZATION_LEVEL = 0;
				GCC_PREPROCESSOR_DEFINITIONS = (
					"DEBUG=1",
					"$(inherited)",
				);
				GCC_WARN_64_TO_32_BIT_CONVERSION = YES;
				GCC_WARN_ABOUT_RETURN_TYPE = YES_ERROR;
				GCC_WARN_UNDECLARED_SELECTOR = YES;
				GCC_WARN_UNINITIALIZED_AUTOS = YES_AGGRESSIVE;
				GCC_WARN_UNUSED_FUNCTION = YES;
				GCC_WARN_UNUSED_VARIABLE = YES;
				MACOSX_DEPLOYMENT_TARGET = 11.6;
				MTL_ENABLE_DEBUG_INFO = INCLUDE_SOURCE;
				MTL_FAST_MATH = YES;
				ONLY_ACTIVE_ARCH = YES;
				SDKROOT = macosx;
			};
			name = Debug;
		};
		250CBFB6283CECFF00D30A51 /* Release */ = {
			isa = XCBuildConfiguration;
			buildSettings = {
				ALWAYS_SEARCH_USER_PATHS = NO;
				CLANG_ANALYZER_NONNULL = YES;
				CLANG_ANALYZER_NUMBER_OBJECT_CONVERSION = YES_AGGRESSIVE;
				CLANG_CXX_LANGUAGE_STANDARD = "gnu++17";
				CLANG_CXX_LIBRARY = "libc++";
				CLANG_ENABLE_MODULES = YES;
				CLANG_ENABLE_OBJC_ARC = YES;
				CLANG_ENABLE_OBJC_WEAK = YES;
				CLANG_WARN_BLOCK_CAPTURE_AUTORELEASING = YES;
				CLANG_WARN_BOOL_CONVERSION = YES;
				CLANG_WARN_COMMA = YES;
				CLANG_WARN_CONSTANT_CONVERSION = YES;
				CLANG_WARN_DEPRECATED_OBJC_IMPLEMENTATIONS = YES;
				CLANG_WARN_DIRECT_OBJC_ISA_USAGE = YES_ERROR;
				CLANG_WARN_DOCUMENTATION_COMMENTS = YES;
				CLANG_WARN_EMPTY_BODY = YES;
				CLANG_WARN_ENUM_CONVERSION = YES;
				CLANG_WARN_INFINITE_RECURSION = YES;
				CLANG_WARN_INT_CONVERSION = YES;
				CLANG_WARN_NON_LITERAL_NULL_CONVERSION = YES;
				CLANG_WARN_OBJC_IMPLICIT_RETAIN_SELF = YES;
				CLANG_WARN_OBJC_LITERAL_CONVERSION = YES;
				CLANG_WARN_OBJC_ROOT_CLASS = YES_ERROR;
				CLANG_WARN_QUOTED_INCLUDE_IN_FRAMEWORK_HEADER = YES;
				CLANG_WARN_RANGE_LOOP_ANALYSIS = YES;
				CLANG_WARN_STRICT_PROTOTYPES = YES;
				CLANG_WARN_SUSPICIOUS_MOVE = YES;
				CLANG_WARN_UNGUARDED_AVAILABILITY = YES_AGGRESSIVE;
				CLANG_WARN_UNREACHABLE_CODE = YES;
				CLANG_WARN__DUPLICATE_METHOD_MATCH = YES;
				COPY_PHASE_STRIP = NO;
				DEBUG_INFORMATION_FORMAT = "dwarf-with-dsym";
				ENABLE_NS_ASSERTIONS = NO;
				ENABLE_STRICT_OBJC_MSGSEND = YES;
				GCC_C_LANGUAGE_STANDARD = gnu11;
				GCC_NO_COMMON_BLOCKS = YES;
				GCC_WARN_64_TO_32_BIT_CONVERSION = YES;
				GCC_WARN_ABOUT_RETURN_TYPE = YES_ERROR;
				GCC_WARN_UNDECLARED_SELECTOR = YES;
				GCC_WARN_UNINITIALIZED_AUTOS = YES_AGGRESSIVE;
				GCC_WARN_UNUSED_FUNCTION = YES;
				GCC_WARN_UNUSED_VARIABLE = YES;
				MACOSX_DEPLOYMENT_TARGET = 11.6;
				MTL_ENABLE_DEBUG_INFO = NO;
				MTL_FAST_MATH = YES;
				SDKROOT = macosx;
			};
			name = Release;
		};
		250CBFB8283CECFF00D30A51 /* Debug */ = {
			isa = XCBuildConfiguration;
			buildSettings = {
				ASSETCATALOG_COMPILER_APPICON_NAME = AppIcon;
				ASSETCATALOG_COMPILER_GLOBAL_ACCENT_COLOR_NAME = AccentColor;
				CODE_SIGN_ENTITLEMENTS = Resources/WebGPURenderGraph.entitlements;
				CODE_SIGN_STYLE = Automatic;
				COMBINE_HIDPI_IMAGES = YES;
				CURRENT_PROJECT_VERSION = 1;
				DEVELOPMENT_TEAM = L77G6XC8M7;
				ENABLE_HARDENED_RUNTIME = YES;
				GENERATE_INFOPLIST_FILE = YES;
				HEADER_SEARCH_PATHS = "../Source/Platform/MacOS/lib/dawn/inc/**";
				INFOPLIST_KEY_NSHumanReadableCopyright = "";
				INFOPLIST_KEY_NSMainNibFile = MainMenu;
				INFOPLIST_KEY_NSPrincipalClass = NSApplication;
				LD_RUNPATH_SEARCH_PATHS = (
					"$(inherited)",
					"@executable_path/../Frameworks",
				);
				LIBRARY_SEARCH_PATHS = "../Source/Platform/MacOS/lib/dawn/bin/mac/Debug/**";
				MARKETING_VERSION = 1.0;
				OTHER_LDFLAGS = (
					"-ldawn_native",
					"-ldawn_proc",
				);
				PRODUCT_BUNDLE_IDENTIFIER = com.rayliu.WebGPURenderGraph;
				PRODUCT_NAME = "$(TARGET_NAME)";
				SWIFT_EMIT_LOC_STRINGS = YES;
			};
			name = Debug;
		};
		250CBFB9283CECFF00D30A51 /* Release */ = {
			isa = XCBuildConfiguration;
			buildSettings = {
				ASSETCATALOG_COMPILER_APPICON_NAME = AppIcon;
				ASSETCATALOG_COMPILER_GLOBAL_ACCENT_COLOR_NAME = AccentColor;
				CODE_SIGN_ENTITLEMENTS = Resources/WebGPURenderGraph.entitlements;
				CODE_SIGN_STYLE = Automatic;
				COMBINE_HIDPI_IMAGES = YES;
				CURRENT_PROJECT_VERSION = 1;
				DEVELOPMENT_TEAM = L77G6XC8M7;
				ENABLE_HARDENED_RUNTIME = YES;
				GENERATE_INFOPLIST_FILE = YES;
				HEADER_SEARCH_PATHS = "../Source/Platform/MacOS/lib/dawn/inc/**";
				INFOPLIST_KEY_NSHumanReadableCopyright = "";
				INFOPLIST_KEY_NSMainNibFile = MainMenu;
				INFOPLIST_KEY_NSPrincipalClass = NSApplication;
				LD_RUNPATH_SEARCH_PATHS = (
					"$(inherited)",
					"@executable_path/../Frameworks",
				);
				LIBRARY_SEARCH_PATHS = "../Source/Platform/MacOS/lib/dawn/bin/mac/Release/**";
				MARKETING_VERSION = 1.0;
				OTHER_LDFLAGS = (
					"-ldawn_native",
					"-ldawn_proc",
				);
				PRODUCT_BUNDLE_IDENTIFIER = com.rayliu.WebGPURenderGraph;
				PRODUCT_NAME = "$(TARGET_NAME)";
				SWIFT_EMIT_LOC_STRINGS = YES;
			};
			name = Release;
		};
/* End XCBuildConfiguration section */

/* Begin XCConfigurationList section */
		250CBFA2283CECFA00D30A51 /* Build configuration list for PBXProject "WebGPURenderGraph" */ = {
			isa = XCConfigurationList;
			buildConfigurations = (
				250CBFB5283CECFF00D30A51 /* Debug */,
				250CBFB6283CECFF00D30A51 /* Release */,
			);
			defaultConfigurationIsVisible = 0;
			defaultConfigurationName = Release;
		};
		250CBFB7283CECFF00D30A51 /* Build configuration list for PBXNativeTarget "WebGPURenderGraph" */ = {
			isa = XCConfigurationList;
			buildConfigurations = (
				250CBFB8283CECFF00D30A51 /* Debug */,
				250CBFB9283CECFF00D30A51 /* Release */,
			);
			defaultConfigurationIsVisible = 0;
			defaultConfigurationName = Release;
		};
/* End XCConfigurationList section */
	};
	rootObject = 250CBF9F283CECFA00D30A51 /* Project object */;
}
